// !$*UTF8*$!
{
	archiveVersion = 1;
	classes = {
	};
	objectVersion = 77;
	objects = {

/* Begin PBXBuildFile section */
		22ECFD802FED37CF008F60E6 /* ExampleWatchOS Watch App.app in Embed Watch Content */ = {isa = PBXBuildFile; fileRef = 22ECFD7F2FED37CF008F60E6 /* ExampleWatchOS Watch App.app */; settings = {ATTRIBUTES = (RemoveHeadersOnCopy, ); }; };
		22ECFDCA2FED385A008F60E6 /* DotLottie in Frameworks */ = {isa = PBXBuildFile; productRef = 22ECFDC92FED385A008F60E6 /* DotLottie */; };
/* End PBXBuildFile section */

/* Begin PBXContainerItemProxy section */
		22ECFD812FED37CF008F60E6 /* PBXContainerItemProxy */ = {
			isa = PBXContainerItemProxy;
			containerPortal = 22ECFD732FED37CF008F60E6 /* Project object */;
			proxyType = 1;
			remoteGlobalIDString = 22ECFD7E2FED37CF008F60E6;
			remoteInfo = "ExampleWatchOS Watch App";
		};
		22ECFD8F2FED37D0008F60E6 /* PBXContainerItemProxy */ = {
			isa = PBXContainerItemProxy;
			containerPortal = 22ECFD732FED37CF008F60E6 /* Project object */;
			proxyType = 1;
			remoteGlobalIDString = 22ECFD7E2FED37CF008F60E6;
			remoteInfo = "ExampleWatchOS Watch App";
		};
		22ECFD992FED37D0008F60E6 /* PBXContainerItemProxy */ = {
			isa = PBXContainerItemProxy;
			containerPortal = 22ECFD732FED37CF008F60E6 /* Project object */;
			proxyType = 1;
			remoteGlobalIDString = 22ECFD7E2FED37CF008F60E6;
			remoteInfo = "ExampleWatchOS Watch App";
		};
/* End PBXContainerItemProxy section */

/* Begin PBXCopyFilesBuildPhase section */
		22ECFDA52FED37D0008F60E6 /* Embed Watch Content */ = {
			isa = PBXCopyFilesBuildPhase;
			buildActionMask = 2147483647;
			dstPath = "$(CONTENTS_FOLDER_PATH)/Watch";
			dstSubfolderSpec = 16;
			files = (
				22ECFD802FED37CF008F60E6 /* ExampleWatchOS Watch App.app in Embed Watch Content */,
			);
			name = "Embed Watch Content";
			runOnlyForDeploymentPostprocessing = 0;
		};
/* End PBXCopyFilesBuildPhase section */

/* Begin PBXFileReference section */
		22ECFD792FED37CF008F60E6 /* ExampleWatchOS.app */ = {isa = PBXFileReference; explicitFileType = wrapper.application; includeInIndex = 0; path = ExampleWatchOS.app; sourceTree = BUILT_PRODUCTS_DIR; };
		22ECFD7F2FED37CF008F60E6 /* ExampleWatchOS Watch App.app */ = {isa = PBXFileReference; explicitFileType = wrapper.application; includeInIndex = 0; path = "ExampleWatchOS Watch App.app"; sourceTree = BUILT_PRODUCTS_DIR; };
		22ECFD8E2FED37D0008F60E6 /* ExampleWatchOS Watch AppTests.xctest */ = {isa = PBXFileReference; explicitFileType = wrapper.cfbundle; includeInIndex = 0; path = "ExampleWatchOS Watch AppTests.xctest"; sourceTree = BUILT_PRODUCTS_DIR; };
		22ECFD982FED37D0008F60E6 /* ExampleWatchOS Watch AppUITests.xctest */ = {isa = PBXFileReference; explicitFileType = wrapper.cfbundle; includeInIndex = 0; path = "ExampleWatchOS Watch AppUITests.xctest"; sourceTree = BUILT_PRODUCTS_DIR; };
/* End PBXFileReference section */

/* Begin PBXFileSystemSynchronizedRootGroup section */
		22ECFD832FED37CF008F60E6 /* ExampleWatchOS Watch App */ = {
			isa = PBXFileSystemSynchronizedRootGroup;
			path = "ExampleWatchOS Watch App";
			sourceTree = "<group>";
		};
		22ECFD912FED37D0008F60E6 /* ExampleWatchOS Watch AppTests */ = {
			isa = PBXFileSystemSynchronizedRootGroup;
			path = "ExampleWatchOS Watch AppTests";
			sourceTree = "<group>";
		};
		22ECFD9B2FED37D0008F60E6 /* ExampleWatchOS Watch AppUITests */ = {
			isa = PBXFileSystemSynchronizedRootGroup;
			path = "ExampleWatchOS Watch AppUITests";
			sourceTree = "<group>";
		};
/* End PBXFileSystemSynchronizedRootGroup section */

/* Begin PBXFrameworksBuildPhase section */
		22ECFD7C2FED37CF008F60E6 /* Frameworks */ = {
			isa = PBXFrameworksBuildPhase;
			buildActionMask = 2147483647;
			files = (
				22ECFDCA2FED385A008F60E6 /* DotLottie in Frameworks */,
			);
			runOnlyForDeploymentPostprocessing = 0;
		};
		22ECFD8B2FED37D0008F60E6 /* Frameworks */ = {
			isa = PBXFrameworksBuildPhase;
			buildActionMask = 2147483647;
			files = (
			);
			runOnlyForDeploymentPostprocessing = 0;
		};
		22ECFD952FED37D0008F60E6 /* Frameworks */ = {
			isa = PBXFrameworksBuildPhase;
			buildActionMask = 2147483647;
			files = (
			);
			runOnlyForDeploymentPostprocessing = 0;
		};
/* End PBXFrameworksBuildPhase section */

/* Begin PBXGroup section */
		22ECFD722FED37CF008F60E6 = {
			isa = PBXGroup;
			children = (
				22ECFD832FED37CF008F60E6 /* ExampleWatchOS Watch App */,
				22ECFD912FED37D0008F60E6 /* ExampleWatchOS Watch AppTests */,
				22ECFD9B2FED37D0008F60E6 /* ExampleWatchOS Watch AppUITests */,
				22ECFDC82FED385A008F60E6 /* Frameworks */,
				22ECFD7A2FED37CF008F60E6 /* Products */,
			);
			sourceTree = "<group>";
		};
		22ECFD7A2FED37CF008F60E6 /* Products */ = {
			isa = PBXGroup;
			children = (
				22ECFD792FED37CF008F60E6 /* ExampleWatchOS.app */,
				22ECFD7F2FED37CF008F60E6 /* ExampleWatchOS Watch App.app */,
				22ECFD8E2FED37D0008F60E6 /* ExampleWatchOS Watch AppTests.xctest */,
				22ECFD982FED37D0008F60E6 /* ExampleWatchOS Watch AppUITests.xctest */,
			);
			name = Products;
			sourceTree = "<group>";
		};
		22ECFDC82FED385A008F60E6 /* Frameworks */ = {
			isa = PBXGroup;
			children = (
			);
			name = Frameworks;
			sourceTree = "<group>";
		};
/* End PBXGroup section */

/* Begin PBXNativeTarget section */
		22ECFD782FED37CF008F60E6 /* ExampleWatchOS */ = {
			isa = PBXNativeTarget;
			buildConfigurationList = 22ECFDA62FED37D0008F60E6 /* Build configuration list for PBXNativeTarget "ExampleWatchOS" */;
			buildPhases = (
				22ECFD772FED37CF008F60E6 /* Resources */,
				22ECFDA52FED37D0008F60E6 /* Embed Watch Content */,
			);
			buildRules = (
			);
			dependencies = (
				22ECFD822FED37CF008F60E6 /* PBXTargetDependency */,
			);
			name = ExampleWatchOS;
			packageProductDependencies = (
			);
			productName = ExampleWatchOS;
			productReference = 22ECFD792FED37CF008F60E6 /* ExampleWatchOS.app */;
			productType = "com.apple.product-type.application.watchapp2-container";
		};
		22ECFD7E2FED37CF008F60E6 /* ExampleWatchOS Watch App */ = {
			isa = PBXNativeTarget;
			buildConfigurationList = 22ECFDA22FED37D0008F60E6 /* Build configuration list for PBXNativeTarget "ExampleWatchOS Watch App" */;
			buildPhases = (
				22ECFD7B2FED37CF008F60E6 /* Sources */,
				22ECFD7C2FED37CF008F60E6 /* Frameworks */,
				22ECFD7D2FED37CF008F60E6 /* Resources */,
			);
			buildRules = (
			);
			dependencies = (
			);
			fileSystemSynchronizedGroups = (
				22ECFD832FED37CF008F60E6 /* ExampleWatchOS Watch App */,
			);
			name = "ExampleWatchOS Watch App";
			packageProductDependencies = (
				22ECFDC92FED385A008F60E6 /* DotLottie */,
			);
			productName = "ExampleWatchOS Watch App";
			productReference = 22ECFD7F2FED37CF008F60E6 /* ExampleWatchOS Watch App.app */;
			productType = "com.apple.product-type.application";
		};
		22ECFD8D2FED37D0008F60E6 /* ExampleWatchOS Watch AppTests */ = {
			isa = PBXNativeTarget;
			buildConfigurationList = 22ECFDA92FED37D0008F60E6 /* Build configuration list for PBXNativeTarget "ExampleWatchOS Watch AppTests" */;
			buildPhases = (
				22ECFD8A2FED37D0008F60E6 /* Sources */,
				22ECFD8B2FED37D0008F60E6 /* Frameworks */,
				22ECFD8C2FED37D0008F60E6 /* Resources */,
			);
			buildRules = (
			);
			dependencies = (
				22ECFD902FED37D0008F60E6 /* PBXTargetDependency */,
			);
			fileSystemSynchronizedGroups = (
				22ECFD912FED37D0008F60E6 /* ExampleWatchOS Watch AppTests */,
			);
			name = "ExampleWatchOS Watch AppTests";
			packageProductDependencies = (
			);
			productName = "ExampleWatchOS Watch AppTests";
			productReference = 22ECFD8E2FED37D0008F60E6 /* ExampleWatchOS Watch AppTests.xctest */;
			productType = "com.apple.product-type.bundle.unit-test";
		};
		22ECFD972FED37D0008F60E6 /* ExampleWatchOS Watch AppUITests */ = {
			isa = PBXNativeTarget;
			buildConfigurationList = 22ECFDAC2FED37D0008F60E6 /* Build configuration list for PBXNativeTarget "ExampleWatchOS Watch AppUITests" */;
			buildPhases = (
				22ECFD942FED37D0008F60E6 /* Sources */,
				22ECFD952FED37D0008F60E6 /* Frameworks */,
				22ECFD962FED37D0008F60E6 /* Resources */,
			);
			buildRules = (
			);
			dependencies = (
				22ECFD9A2FED37D0008F60E6 /* PBXTargetDependency */,
			);
			fileSystemSynchronizedGroups = (
				22ECFD9B2FED37D0008F60E6 /* ExampleWatchOS Watch AppUITests */,
			);
			name = "ExampleWatchOS Watch AppUITests";
			packageProductDependencies = (
			);
			productName = "ExampleWatchOS Watch AppUITests";
			productReference = 22ECFD982FED37D0008F60E6 /* ExampleWatchOS Watch AppUITests.xctest */;
			productType = "com.apple.product-type.bundle.ui-testing";
		};
/* End PBXNativeTarget section */

/* Begin PBXProject section */
		22ECFD732FED37CF008F60E6 /* Project object */ = {
			isa = PBXProject;
			attributes = {
				BuildIndependentTargetsInParallel = 1;
				LastSwiftUpdateCheck = 2600;
				LastUpgradeCheck = 2600;
				TargetAttributes = {
					22ECFD782FED37CF008F60E6 = {
						CreatedOnToolsVersion = 26.0.1;
					};
					22ECFD7E2FED37CF008F60E6 = {
						CreatedOnToolsVersion = 26.0.1;
					};
					22ECFD8D2FED37D0008F60E6 = {
						CreatedOnToolsVersion = 26.0.1;
						TestTargetID = 22ECFD7E2FED37CF008F60E6;
					};
					22ECFD972FED37D0008F60E6 = {
						CreatedOnToolsVersion = 26.0.1;
						TestTargetID = 22ECFD7E2FED37CF008F60E6;
					};
				};
			};
			buildConfigurationList = 22ECFD762FED37CF008F60E6 /* Build configuration list for PBXProject "ExampleWatchOS" */;
			developmentRegion = en;
			hasScannedForEncodings = 0;
			knownRegions = (
				en,
				Base,
			);
			mainGroup = 22ECFD722FED37CF008F60E6;
			minimizedProjectReferenceProxies = 1;
			packageReferences = (
				22ECFDBB2FED3839008F60E6 /* XCLocalSwiftPackageReference "../../dotlottie-ios" */,
			);
			preferredProjectObjectVersion = 77;
			productRefGroup = 22ECFD7A2FED37CF008F60E6 /* Products */;
			projectDirPath = "";
			projectRoot = "";
			targets = (
				22ECFD782FED37CF008F60E6 /* ExampleWatchOS */,
				22ECFD7E2FED37CF008F60E6 /* ExampleWatchOS Watch App */,
				22ECFD8D2FED37D0008F60E6 /* ExampleWatchOS Watch AppTests */,
				22ECFD972FED37D0008F60E6 /* ExampleWatchOS Watch AppUITests */,
			);
		};
/* End PBXProject section */

/* Begin PBXResourcesBuildPhase section */
		22ECFD772FED37CF008F60E6 /* Resources */ = {
			isa = PBXResourcesBuildPhase;
			buildActionMask = 2147483647;
			files = (
			);
			runOnlyForDeploymentPostprocessing = 0;
		};
		22ECFD7D2FED37CF008F60E6 /* Resources */ = {
			isa = PBXResourcesBuildPhase;
			buildActionMask = 2147483647;
			files = (
			);
			runOnlyForDeploymentPostprocessing = 0;
		};
		22ECFD8C2FED37D0008F60E6 /* Resources */ = {
			isa = PBXResourcesBuildPhase;
			buildActionMask = 2147483647;
			files = (
			);
			runOnlyForDeploymentPostprocessing = 0;
		};
		22ECFD962FED37D0008F60E6 /* Resources */ = {
			isa = PBXResourcesBuildPhase;
			buildActionMask = 2147483647;
			files = (
			);
			runOnlyForDeploymentPostprocessing = 0;
		};
/* End PBXResourcesBuildPhase section */

/* Begin PBXSourcesBuildPhase section */
		22ECFD7B2FED37CF008F60E6 /* Sources */ = {
			isa = PBXSourcesBuildPhase;
			buildActionMask = 2147483647;
			files = (
			);
			runOnlyForDeploymentPostprocessing = 0;
		};
		22ECFD8A2FED37D0008F60E6 /* Sources */ = {
			isa = PBXSourcesBuildPhase;
			buildActionMask = 2147483647;
			files = (
			);
			runOnlyForDeploymentPostprocessing = 0;
		};
		22ECFD942FED37D0008F60E6 /* Sources */ = {
			isa = PBXSourcesBuildPhase;
			buildActionMask = 2147483647;
			files = (
			);
			runOnlyForDeploymentPostprocessing = 0;
		};
/* End PBXSourcesBuildPhase section */

/* Begin PBXTargetDependency section */
		22ECFD822FED37CF008F60E6 /* PBXTargetDependency */ = {
			isa = PBXTargetDependency;
			target = 22ECFD7E2FED37CF008F60E6 /* ExampleWatchOS Watch App */;
			targetProxy = 22ECFD812FED37CF008F60E6 /* PBXContainerItemProxy */;
		};
		22ECFD902FED37D0008F60E6 /* PBXTargetDependency */ = {
			isa = PBXTargetDependency;
			target = 22ECFD7E2FED37CF008F60E6 /* ExampleWatchOS Watch App */;
			targetProxy = 22ECFD8F2FED37D0008F60E6 /* PBXContainerItemProxy */;
		};
		22ECFD9A2FED37D0008F60E6 /* PBXTargetDependency */ = {
			isa = PBXTargetDependency;
			target = 22ECFD7E2FED37CF008F60E6 /* ExampleWatchOS Watch App */;
			targetProxy = 22ECFD992FED37D0008F60E6 /* PBXContainerItemProxy */;
		};
/* End PBXTargetDependency section */

/* Begin XCBuildConfiguration section */
		22ECFDA02FED37D0008F60E6 /* Debug */ = {
			isa = XCBuildConfiguration;
			buildSettings = {
				ALWAYS_SEARCH_USER_PATHS = NO;
				ASSETCATALOG_COMPILER_GENERATE_SWIFT_ASSET_SYMBOL_EXTENSIONS = YES;
				CLANG_ANALYZER_NONNULL = YES;
				CLANG_ANALYZER_NUMBER_OBJECT_CONVERSION = YES_AGGRESSIVE;
				CLANG_CXX_LANGUAGE_STANDARD = "gnu++20";
				CLANG_ENABLE_MODULES = YES;
				CLANG_ENABLE_OBJC_ARC = YES;
				CLANG_ENABLE_OBJC_WEAK = YES;
				CLANG_WARN_BLOCK_CAPTURE_AUTORELEASING = YES;
				CLANG_WARN_BOOL_CONVERSION = YES;
				CLANG_WARN_COMMA = YES;
				CLANG_WARN_CONSTANT_CONVERSION = YES;
				CLANG_WARN_DEPRECATED_OBJC_IMPLEMENTATIONS = YES;
				CLANG_WARN_DIRECT_OBJC_ISA_USAGE = YES_ERROR;
				CLANG_WARN_DOCUMENTATION_COMMENTS = YES;
				CLANG_WARN_EMPTY_BODY = YES;
				CLANG_WARN_ENUM_CONVERSION = YES;
				CLANG_WARN_INFINITE_RECURSION = YES;
				CLANG_WARN_INT_CONVERSION = YES;
				CLANG_WARN_NON_LITERAL_NULL_CONVERSION = YES;
				CLANG_WARN_OBJC_IMPLICIT_RETAIN_SELF = YES;
				CLANG_WARN_OBJC_LITERAL_CONVERSION = YES;
				CLANG_WARN_OBJC_ROOT_CLASS = YES_ERROR;
				CLANG_WARN_QUOTED_INCLUDE_IN_FRAMEWORK_HEADER = YES;
				CLANG_WARN_RANGE_LOOP_ANALYSIS = YES;
				CLANG_WARN_STRICT_PROTOTYPES = YES;
				CLANG_WARN_SUSPICIOUS_MOVE = YES;
				CLANG_WARN_UNGUARDED_AVAILABILITY = YES_AGGRESSIVE;
				CLANG_WARN_UNREACHABLE_CODE = YES;
				CLANG_WARN__DUPLICATE_METHOD_MATCH = YES;
				COPY_PHASE_STRIP = NO;
				DEBUG_INFORMATION_FORMAT = dwarf;
				DEVELOPMENT_TEAM = VT33U5MQ8Q;
				ENABLE_STRICT_OBJC_MSGSEND = YES;
				ENABLE_TESTABILITY = YES;
				ENABLE_USER_SCRIPT_SANDBOXING = YES;
				GCC_C_LANGUAGE_STANDARD = gnu17;
				GCC_DYNAMIC_NO_PIC = NO;
				GCC_NO_COMMON_BLOCKS = YES;
				GCC_OPTIMIZATION_LEVEL = 0;
				GCC_PREPROCESSOR_DEFINITIONS = (
					"DEBUG=1",
					"$(inherited)",
				);
				GCC_WARN_64_TO_32_BIT_CONVERSION = YES;
				GCC_WARN_ABOUT_RETURN_TYPE = YES_ERROR;
				GCC_WARN_UNDECLARED_SELECTOR = YES;
				GCC_WARN_UNINITIALIZED_AUTOS = YES_AGGRESSIVE;
				GCC_WARN_UNUSED_FUNCTION = YES;
				GCC_WARN_UNUSED_VARIABLE = YES;
				LOCALIZATION_PREFERS_STRING_CATALOGS = YES;
				MTL_ENABLE_DEBUG_INFO = INCLUDE_SOURCE;
				MTL_FAST_MATH = YES;
				ONLY_ACTIVE_ARCH = YES;
				SWIFT_ACTIVE_COMPILATION_CONDITIONS = "DEBUG $(inherited)";
				SWIFT_OPTIMIZATION_LEVEL = "-Onone";
			};
			name = Debug;
		};
		22ECFDA12FED37D0008F60E6 /* Release */ = {
			isa = XCBuildConfiguration;
			buildSettings = {
				ALWAYS_SEARCH_USER_PATHS = NO;
				ASSETCATALOG_COMPILER_GENERATE_SWIFT_ASSET_SYMBOL_EXTENSIONS = YES;
				CLANG_ANALYZER_NONNULL = YES;
				CLANG_ANALYZER_NUMBER_OBJECT_CONVERSION = YES_AGGRESSIVE;
				CLANG_CXX_LANGUAGE_STANDARD = "gnu++20";
				CLANG_ENABLE_MODULES = YES;
				CLANG_ENABLE_OBJC_ARC = YES;
				CLANG_ENABLE_OBJC_WEAK = YES;
				CLANG_WARN_BLOCK_CAPTURE_AUTORELEASING = YES;
				CLANG_WARN_BOOL_CONVERSION = YES;
				CLANG_WARN_COMMA = YES;
				CLANG_WARN_CONSTANT_CONVERSION = YES;
				CLANG_WARN_DEPRECATED_OBJC_IMPLEMENTATIONS = YES;
				CLANG_WARN_DIRECT_OBJC_ISA_USAGE = YES_ERROR;
				CLANG_WARN_DOCUMENTATION_COMMENTS = YES;
				CLANG_WARN_EMPTY_BODY = YES;
				CLANG_WARN_ENUM_CONVERSION = YES;
				CLANG_WARN_INFINITE_RECURSION = YES;
				CLANG_WARN_INT_CONVERSION = YES;
				CLANG_WARN_NON_LITERAL_NULL_CONVERSION = YES;
				CLANG_WARN_OBJC_IMPLICIT_RETAIN_SELF = YES;
				CLANG_WARN_OBJC_LITERAL_CONVERSION = YES;
				CLANG_WARN_OBJC_ROOT_CLASS = YES_ERROR;
				CLANG_WARN_QUOTED_INCLUDE_IN_FRAMEWORK_HEADER = YES;
				CLANG_WARN_RANGE_LOOP_ANALYSIS = YES;
				CLANG_WARN_STRICT_PROTOTYPES = YES;
				CLANG_WARN_SUSPICIOUS_MOVE = YES;
				CLANG_WARN_UNGUARDED_AVAILABILITY = YES_AGGRESSIVE;
				CLANG_WARN_UNREACHABLE_CODE = YES;
				CLANG_WARN__DUPLICATE_METHOD_MATCH = YES;
				COPY_PHASE_STRIP = NO;
				DEBUG_INFORMATION_FORMAT = "dwarf-with-dsym";
				DEVELOPMENT_TEAM = VT33U5MQ8Q;
				ENABLE_NS_ASSERTIONS = NO;
				ENABLE_STRICT_OBJC_MSGSEND = YES;
				ENABLE_USER_SCRIPT_SANDBOXING = YES;
				GCC_C_LANGUAGE_STANDARD = gnu17;
				GCC_NO_COMMON_BLOCKS = YES;
				GCC_WARN_64_TO_32_BIT_CONVERSION = YES;
				GCC_WARN_ABOUT_RETURN_TYPE = YES_ERROR;
				GCC_WARN_UNDECLARED_SELECTOR = YES;
				GCC_WARN_UNINITIALIZED_AUTOS = YES_AGGRESSIVE;
				GCC_WARN_UNUSED_FUNCTION = YES;
				GCC_WARN_UNUSED_VARIABLE = YES;
				LOCALIZATION_PREFERS_STRING_CATALOGS = YES;
				MTL_ENABLE_DEBUG_INFO = NO;
				MTL_FAST_MATH = YES;
				SWIFT_COMPILATION_MODE = wholemodule;
			};
			name = Release;
		};
		22ECFDA32FED37D0008F60E6 /* Debug */ = {
			isa = XCBuildConfiguration;
			buildSettings = {
				ASSETCATALOG_COMPILER_APPICON_NAME = AppIcon;
				ASSETCATALOG_COMPILER_GLOBAL_ACCENT_COLOR_NAME = AccentColor;
				CODE_SIGN_STYLE = Automatic;
				CURRENT_PROJECT_VERSION = 1;
				DEVELOPMENT_TEAM = VT33U5MQ8Q;
				ENABLE_PREVIEWS = YES;
				GENERATE_INFOPLIST_FILE = YES;
				INFOPLIST_KEY_CFBundleDisplayName = ExampleWatchOS;
				INFOPLIST_KEY_UISupportedInterfaceOrientations = "UIInterfaceOrientationPortrait UIInterfaceOrientationPortraitUpsideDown";
				INFOPLIST_KEY_WKWatchOnly = YES;
				LD_RUNPATH_SEARCH_PATHS = (
					"$(inherited)",
					"@executable_path/Frameworks",
				);
				MARKETING_VERSION = 1.0;
				PRODUCT_BUNDLE_IDENTIFIER = Sam.ExampleWatchOS.watchkitapp;
				PRODUCT_NAME = "$(TARGET_NAME)";
				SDKROOT = watchos;
				SKIP_INSTALL = YES;
				STRING_CATALOG_GENERATE_SYMBOLS = YES;
				SWIFT_APPROACHABLE_CONCURRENCY = YES;
				SWIFT_DEFAULT_ACTOR_ISOLATION = MainActor;
				SWIFT_EMIT_LOC_STRINGS = YES;
				SWIFT_UPCOMING_FEATURE_MEMBER_IMPORT_VISIBILITY = YES;
				SWIFT_VERSION = 5.0;
				TARGETED_DEVICE_FAMILY = 4;
				WATCHOS_DEPLOYMENT_TARGET = 26.0;
			};
			name = Debug;
		};
		22ECFDA42FED37D0008F60E6 /* Release */ = {
			isa = XCBuildConfiguration;
			buildSettings = {
				ASSETCATALOG_COMPILER_APPICON_NAME = AppIcon;
				ASSETCATALOG_COMPILER_GLOBAL_ACCENT_COLOR_NAME = AccentColor;
				CODE_SIGN_STYLE = Automatic;
				CURRENT_PROJECT_VERSION = 1;
				DEVELOPMENT_TEAM = VT33U5MQ8Q;
				ENABLE_PREVIEWS = YES;
				GENERATE_INFOPLIST_FILE = YES;
				INFOPLIST_KEY_CFBundleDisplayName = ExampleWatchOS;
				INFOPLIST_KEY_UISupportedInterfaceOrientations = "UIInterfaceOrientationPortrait UIInterfaceOrientationPortraitUpsideDown";
				INFOPLIST_KEY_WKWatchOnly = YES;
				LD_RUNPATH_SEARCH_PATHS = (
					"$(inherited)",
					"@executable_path/Frameworks",
				);
				MARKETING_VERSION = 1.0;
				PRODUCT_BUNDLE_IDENTIFIER = Sam.ExampleWatchOS.watchkitapp;
				PRODUCT_NAME = "$(TARGET_NAME)";
				SDKROOT = watchos;
				SKIP_INSTALL = YES;
				STRING_CATALOG_GENERATE_SYMBOLS = YES;
				SWIFT_APPROACHABLE_CONCURRENCY = YES;
				SWIFT_DEFAULT_ACTOR_ISOLATION = MainActor;
				SWIFT_EMIT_LOC_STRINGS = YES;
				SWIFT_UPCOMING_FEATURE_MEMBER_IMPORT_VISIBILITY = YES;
				SWIFT_VERSION = 5.0;
				TARGETED_DEVICE_FAMILY = 4;
				VALIDATE_PRODUCT = YES;
				WATCHOS_DEPLOYMENT_TARGET = 26.0;
			};
			name = Release;
		};
		22ECFDA72FED37D0008F60E6 /* Debug */ = {
			isa = XCBuildConfiguration;
			buildSettings = {
				CODE_SIGN_STYLE = Automatic;
				CURRENT_PROJECT_VERSION = 1;
				DEVELOPMENT_TEAM = VT33U5MQ8Q;
				INFOPLIST_KEY_CFBundleDisplayName = ExampleWatchOS;
				MARKETING_VERSION = 1.0;
				PRODUCT_BUNDLE_IDENTIFIER = Sam.ExampleWatchOS;
				PRODUCT_NAME = "$(TARGET_NAME)";
				SDKROOT = iphoneos;
				SWIFT_APPROACHABLE_CONCURRENCY = YES;
				SWIFT_UPCOMING_FEATURE_MEMBER_IMPORT_VISIBILITY = YES;
				SWIFT_VERSION = 5.0;
			};
			name = Debug;
		};
		22ECFDA82FED37D0008F60E6 /* Release */ = {
			isa = XCBuildConfiguration;
			buildSettings = {
				CODE_SIGN_STYLE = Automatic;
				CURRENT_PROJECT_VERSION = 1;
				DEVELOPMENT_TEAM = VT33U5MQ8Q;
				INFOPLIST_KEY_CFBundleDisplayName = ExampleWatchOS;
				MARKETING_VERSION = 1.0;
				PRODUCT_BUNDLE_IDENTIFIER = Sam.ExampleWatchOS;
				PRODUCT_NAME = "$(TARGET_NAME)";
				SDKROOT = iphoneos;
				SWIFT_APPROACHABLE_CONCURRENCY = YES;
				SWIFT_UPCOMING_FEATURE_MEMBER_IMPORT_VISIBILITY = YES;
				SWIFT_VERSION = 5.0;
				VALIDATE_PRODUCT = YES;
			};
			name = Release;
		};
		22ECFDAA2FED37D0008F60E6 /* Debug */ = {
			isa = XCBuildConfiguration;
			buildSettings = {
				BUNDLE_LOADER = "$(TEST_HOST)";
				CODE_SIGN_STYLE = Automatic;
				CURRENT_PROJECT_VERSION = 1;
				DEVELOPMENT_TEAM = VT33U5MQ8Q;
				GENERATE_INFOPLIST_FILE = YES;
				MARKETING_VERSION = 1.0;
				PRODUCT_BUNDLE_IDENTIFIER = "Sam.ExampleWatchOS-Watch-AppTests";
				PRODUCT_NAME = "$(TARGET_NAME)";
				SDKROOT = watchos;
				STRING_CATALOG_GENERATE_SYMBOLS = NO;
				SWIFT_APPROACHABLE_CONCURRENCY = YES;
				SWIFT_EMIT_LOC_STRINGS = NO;
				SWIFT_UPCOMING_FEATURE_MEMBER_IMPORT_VISIBILITY = YES;
				SWIFT_VERSION = 5.0;
				TARGETED_DEVICE_FAMILY = 4;
				TEST_HOST = "$(BUILT_PRODUCTS_DIR)/ExampleWatchOS Watch App.app/$(BUNDLE_EXECUTABLE_FOLDER_PATH)/ExampleWatchOS Watch App";
				WATCHOS_DEPLOYMENT_TARGET = 26.0;
			};
			name = Debug;
		};
		22ECFDAB2FED37D0008F60E6 /* Release */ = {
			isa = XCBuildConfiguration;
			buildSettings = {
				BUNDLE_LOADER = "$(TEST_HOST)";
				CODE_SIGN_STYLE = Automatic;
				CURRENT_PROJECT_VERSION = 1;
				DEVELOPMENT_TEAM = VT33U5MQ8Q;
				GENERATE_INFOPLIST_FILE = YES;
				MARKETING_VERSION = 1.0;
				PRODUCT_BUNDLE_IDENTIFIER = "Sam.ExampleWatchOS-Watch-AppTests";
				PRODUCT_NAME = "$(TARGET_NAME)";
				SDKROOT = watchos;
				STRING_CATALOG_GENERATE_SYMBOLS = NO;
				SWIFT_APPROACHABLE_CONCURRENCY = YES;
				SWIFT_EMIT_LOC_STRINGS = NO;
				SWIFT_UPCOMING_FEATURE_MEMBER_IMPORT_VISIBILITY = YES;
				SWIFT_VERSION = 5.0;
				TARGETED_DEVICE_FAMILY = 4;
				TEST_HOST = "$(BUILT_PRODUCTS_DIR)/ExampleWatchOS Watch App.app/$(BUNDLE_EXECUTABLE_FOLDER_PATH)/ExampleWatchOS Watch App";
				VALIDATE_PRODUCT = YES;
				WATCHOS_DEPLOYMENT_TARGET = 26.0;
			};
			name = Release;
		};
		22ECFDAD2FED37D0008F60E6 /* Debug */ = {
			isa = XCBuildConfiguration;
			buildSettings = {
				CODE_SIGN_STYLE = Automatic;
				CURRENT_PROJECT_VERSION = 1;
				DEVELOPMENT_TEAM = VT33U5MQ8Q;
				GENERATE_INFOPLIST_FILE = YES;
				MARKETING_VERSION = 1.0;
				PRODUCT_BUNDLE_IDENTIFIER = "Sam.ExampleWatchOS-Watch-AppUITests";
				PRODUCT_NAME = "$(TARGET_NAME)";
				SDKROOT = watchos;
				STRING_CATALOG_GENERATE_SYMBOLS = NO;
				SWIFT_APPROACHABLE_CONCURRENCY = YES;
				SWIFT_EMIT_LOC_STRINGS = NO;
				SWIFT_UPCOMING_FEATURE_MEMBER_IMPORT_VISIBILITY = YES;
				SWIFT_VERSION = 5.0;
				TARGETED_DEVICE_FAMILY = 4;
				TEST_TARGET_NAME = "ExampleWatchOS Watch App";
				WATCHOS_DEPLOYMENT_TARGET = 26.0;
			};
			name = Debug;
		};
		22ECFDAE2FED37D0008F60E6 /* Release */ = {
			isa = XCBuildConfiguration;
			buildSettings = {
				CODE_SIGN_STYLE = Automatic;
				CURRENT_PROJECT_VERSION = 1;
				DEVELOPMENT_TEAM = VT33U5MQ8Q;
				GENERATE_INFOPLIST_FILE = YES;
				MARKETING_VERSION = 1.0;
				PRODUCT_BUNDLE_IDENTIFIER = "Sam.ExampleWatchOS-Watch-AppUITests";
				PRODUCT_NAME = "$(TARGET_NAME)";
				SDKROOT = watchos;
				STRING_CATALOG_GENERATE_SYMBOLS = NO;
				SWIFT_APPROACHABLE_CONCURRENCY = YES;
				SWIFT_EMIT_LOC_STRINGS = NO;
				SWIFT_UPCOMING_FEATURE_MEMBER_IMPORT_VISIBILITY = YES;
				SWIFT_VERSION = 5.0;
				TARGETED_DEVICE_FAMILY = 4;
				TEST_TARGET_NAME = "ExampleWatchOS Watch App";
				VALIDATE_PRODUCT = YES;
				WATCHOS_DEPLOYMENT_TARGET = 26.0;
			};
			name = Release;
		};
/* End XCBuildConfiguration section */

/* Begin XCConfigurationList section */
		22ECFD762FED37CF008F60E6 /* Build configuration list for PBXProject "ExampleWatchOS" */ = {
			isa = XCConfigurationList;
			buildConfigurations = (
				22ECFDA02FED37D0008F60E6 /* Debug */,
				22ECFDA12FED37D0008F60E6 /* Release */,
			);
			defaultConfigurationIsVisible = 0;
			defaultConfigurationName = Release;
		};
		22ECFDA22FED37D0008F60E6 /* Build configuration list for PBXNativeTarget "ExampleWatchOS Watch App" */ = {
			isa = XCConfigurationList;
			buildConfigurations = (
				22ECFDA32FED37D0008F60E6 /* Debug */,
				22ECFDA42FED37D0008F60E6 /* Release */,
			);
			defaultConfigurationIsVisible = 0;
			defaultConfigurationName = Release;
		};
		22ECFDA62FED37D0008F60E6 /* Build configuration list for PBXNativeTarget "ExampleWatchOS" */ = {
			isa = XCConfigurationList;
			buildConfigurations = (
				22ECFDA72FED37D0008F60E6 /* Debug */,
				22ECFDA82FED37D0008F60E6 /* Release */,
			);
			defaultConfigurationIsVisible = 0;
			defaultConfigurationName = Release;
		};
		22ECFDA92FED37D0008F60E6 /* Build configuration list for PBXNativeTarget "ExampleWatchOS Watch AppTests" */ = {
			isa = XCConfigurationList;
			buildConfigurations = (
				22ECFDAA2FED37D0008F60E6 /* Debug */,
				22ECFDAB2FED37D0008F60E6 /* Release */,
			);
			defaultConfigurationIsVisible = 0;
			defaultConfigurationName = Release;
		};
		22ECFDAC2FED37D0008F60E6 /* Build configuration list for PBXNativeTarget "ExampleWatchOS Watch AppUITests" */ = {
			isa = XCConfigurationList;
			buildConfigurations = (
				22ECFDAD2FED37D0008F60E6 /* Debug */,
				22ECFDAE2FED37D0008F60E6 /* Release */,
			);
			defaultConfigurationIsVisible = 0;
			defaultConfigurationName = Release;
		};
/* End XCConfigurationList section */

/* Begin XCLocalSwiftPackageReference section */
		22ECFDBB2FED3839008F60E6 /* XCLocalSwiftPackageReference "../../dotlottie-ios" */ = {
			isa = XCLocalSwiftPackageReference;
			relativePath = "../../dotlottie-ios";
		};
/* End XCLocalSwiftPackageReference section */

/* Begin XCSwiftPackageProductDependency section */
		22ECFDC92FED385A008F60E6 /* DotLottie */ = {
			isa = XCSwiftPackageProductDependency;
			package = 22ECFDBB2FED3839008F60E6 /* XCLocalSwiftPackageReference "../../dotlottie-ios" */;
			productName = DotLottie;
		};
/* End XCSwiftPackageProductDependency section */
	};
	rootObject = 22ECFD732FED37CF008F60E6 /* Project object */;
}
